Microsoft Visual Studio Solution File, Format Version 12.00
# Visual Studio Version 17
VisualStudioVersion = 17.5.2.0
MinimumVisualStudioVersion = 10.0.40219.1
Project("{2150E333-8FDC-42A3-9474-1A3956D46DE8}") = "services", "services", "{5854FF58-B8C5-05C6-5BF2-ACE42193F22B}"
EndProject
Project("{2150E333-8FDC-42A3-9474-1A3956D46DE8}") = "inventory-service", "inventory-service", "{14E7C01E-F142-FF9F-4587-70947DB7103E}"
EndProject
Project("{FAE04EC0-301F-11D3-BF4B-00C04F79EFBC}") = "InventoryService", "services\inventory-service\InventoryService.csproj", "{AB8F572A-8BE0-EDCC-AF95-9BEDD86F8C65}"
EndProject
Global
	GlobalSection(SolutionConfigurationPlatforms) = preSolution
		Debug|Any CPU = Debug|Any CPU
		Release|Any CPU = Release|Any CPU
	EndGlobalSection
	GlobalSection(ProjectConfigurationPlatforms) = postSolution
		{AB8F572A-8BE0-EDCC-AF95-9BEDD86F8C65}.Debug|Any CPU.ActiveCfg = Debug|Any CPU
		{AB8F572A-8BE0-EDCC-AF95-9BEDD86F8C65}.Debug|Any CPU.Build.0 = Debug|Any CPU
		{AB8F572A-8BE0-EDCC-AF95-9BEDD86F8C65}.Release|Any CPU.ActiveCfg = Release|Any CPU
		{AB8F572A-8BE0-EDCC-AF95-9BEDD86F8C65}.Release|Any CPU.Build.0 = Release|Any CPU
	EndGlobalSection
	GlobalSection(SolutionProperties) = preSolution
		HideSolutionNode = FALSE
	EndGlobalSection
	GlobalSection(NestedProjects) = preSolution
		{14E7C01E-F142-FF9F-4587-70947DB7103E} = {5854FF58-B8C5-05C6-5BF2-ACE42193F22B}
		{AB8F572A-8BE0-EDCC-AF95-9BEDD86F8C65} = {14E7C01E-F142-FF9F-4587-70947DB7103E}
	EndGlobalSection
	GlobalSection(ExtensibilityGlobals) = postSolution
		SolutionGuid = {E64E4B1A-1681-442D-AF06-881BDAB8551D}
	EndGlobalSection
EndGlobal
