dependencies:
- name: postgresql
  repository: https://charts.bitnami.com/bitnami
  version: 14.0.0
- name: kafka
  repository: https://charts.bitnami.com/bitnami
  version: 26.0.0
digest: sha256:4b8543f0cb3163a97e12d0afe302fe88645cf5c6619e78ebfec59f2f9f47b7ab
generated: "2026-01-18T18:57:11.236948459+02:00"
