dependencies:
- name: postgresql
  repository: https://charts.bitnami.com/bitnami
  version: 14.0.5
- name: kafka
  repository: https://charts.bitnami.com/bitnami
  version: 26.0.1
digest: sha256:9887821bc06f09b80ab29b8482907776f6b159ce936db97d6c00107be0edce86
generated: "2026-01-19T06:51:02.663312963Z"
